{
  "name": "lambda-environment",
  "version": "1.0.0",
  "lockfileVersion": 1,
  "requires": true,
  "dependencies": {
    "env-var": {
      "version": "6.3.0",
      "resolved": "https://registry.npmjs.org/env-var/-/env-var-6.3.0.tgz",
      "integrity": "sha512-gaNzDZuVaJQJlP2SigAZLu/FieZN5MzdN7lgHNehESwlRanHwGQ/WUtJ7q//dhrj3aGBZM45yEaKOuvSJaf4mA=="
    }
  }
}
